Microsoft Visual Studio Solution File, Format Version 12.00
# Visual Studio Version 17
VisualStudioVersion = 17.5.2.0
MinimumVisualStudioVersion = 10.0.40219.1
Project("{FAE04EC0-301F-11D3-BF4B-00C04F79EFBC}") = "fourStoogies", "fourStoogies.csproj", "{72E9A7C6-A921-3E38-A1A8-345374410449}"
EndProject
Global
	GlobalSection(SolutionConfigurationPlatforms) = preSolution
		Debug|Any CPU = Debug|Any CPU
		Release|Any CPU = Release|Any CPU
	EndGlobalSection
	GlobalSection(ProjectConfigurationPlatforms) = postSolution
		{72E9A7C6-A921-3E38-A1A8-345374410449}.Debug|Any CPU.ActiveCfg = Debug|Any CPU
		{72E9A7C6-A921-3E38-A1A8-345374410449}.Debug|Any CPU.Build.0 = Debug|Any CPU
		{72E9A7C6-A921-3E38-A1A8-345374410449}.Release|Any CPU.ActiveCfg = Release|Any CPU
		{72E9A7C6-A921-3E38-A1A8-345374410449}.Release|Any CPU.Build.0 = Release|Any CPU
	EndGlobalSection
	GlobalSection(SolutionProperties) = preSolution
		HideSolutionNode = FALSE
	EndGlobalSection
	GlobalSection(ExtensibilityGlobals) = postSolution
		SolutionGuid = {9B3E2130-185A-44D7-A395-9477DD3C8004}
	EndGlobalSection
EndGlobal
